<?xml version="1.0" encoding="utf-8"?>
<Project ToolsVersion="4.0" xmlns="http://schemas.microsoft.com/developer/msbuild/2003">
  <ItemGroup>
    <Filter Include="Source Files">
      <UniqueIdentifier>{4FC737F1-C7A5-4376-A066-2A32D752A2FF}</UniqueIdentifier>
      <Extensions>cpp;c;cc;cxx;def;odl;idl;hpj;bat;asm;asmx</Extensions>
    </Filter>
    <Filter Include="Header Files">
      <UniqueIdentifier>{93995380-89BD-4b04-88EB-625FBE52EBFB}</UniqueIdentifier>
      <Extensions>h;hh;hpp;hxx;hm;inl;inc;xsd</Extensions>
    </Filter>
    <Filter Include="Resource Files">
      <UniqueIdentifier>{67DA6AB6-F800-4c08-8B7A-83BB121AAD01}</UniqueIdentifier>
      <Extensions>rc;ico;cur;bmp;dlg;rc2;rct;bin;rgs;gif;jpg;jpeg;jpe;resx;tiff;tif;png;wav;mfcribbon-ms</Extensions>
    </Filter>
    <Filter Include="Shaders">
      <UniqueIdentifier>{23f94f0d-266f-44e1-9d96-3a1ec415b978}</UniqueIdentifier>
      <Extensions>frag;vert</Extensions>
      <ParseFiles>false</ParseFiles>
    </Filter>
  </ItemGroup>
  <ItemGroup>
    <ClCompile Include="main.cpp">
      <Filter>Source Files</Filter>
    </ClCompile>
    <ClCompile Include="Shader.cpp">
      <Filter>Source Files</Filter>
    </ClCompile>
    <ClCompile Include="ShaderManager.cpp">
      <Filter>Source Files</Filter>
    </ClCompile>
    <ClCompile Include="CubeMap.cpp">
      <Filter>Source Files</Filter>
    </ClCompile>
    <ClCompile Include="Cube.cpp">
      <Filter>Source Files</Filter>
    </ClCompile>
    <ClCompile Include="Geometry.cpp">
      <Filter>Source Files</Filter>
    </ClCompile>
    <ClCompile Include="MyForm.cpp">
      <Filter>Source Files</Filter>
    </ClCompile>
    <ClCompile Include="Cone.cpp">
      <Filter>Source Files</Filter>
    </ClCompile>
  </ItemGroup>
  <ItemGroup>
    <ClInclude Include="Shader.hpp">
      <Filter>Header Files</Filter>
    </ClInclude>
    <ClInclude Include="ShaderManager.hpp">
      <Filter>Header Files</Filter>
    </ClInclude>
    <ClInclude Include="CubeMap.hpp">
      <Filter>Header Files</Filter>
    </ClInclude>
    <ClInclude Include="MyForm.h">
      <Filter>Header Files</Filter>
    </ClInclude>
    <ClInclude Include="Camera.h">
      <Filter>Source Files</Filter>
    </ClInclude>
    <ClInclude Include="model.h">
      <Filter>Source Files</Filter>
    </ClInclude>
    <ClInclude Include="Mesh.h">
      <Filter>Header Files</Filter>
    </ClInclude>
    <ClInclude Include="Plane.h">
      <Filter>Header Files</Filter>
    </ClInclude>
    <ClInclude Include="Cone.h">
      <Filter>Header Files</Filter>
    </ClInclude>
  </ItemGroup>
  <ItemGroup>
    <EmbeddedResource Include="MyForm.resx">
      <Filter>Resource Files</Filter>
    </EmbeddedResource>
  </ItemGroup>
  <ItemGroup>
    <None Include="shaders\blinnPhong.frag">
      <Filter>Shaders</Filter>
    </None>
    <None Include="shaders\blinnPhong.vert">
      <Filter>Shaders</Filter>
    </None>
    <None Include="shaders\cube1.frag">
      <Filter>Shaders</Filter>
    </None>
    <None Include="shaders\cube1.vert">
      <Filter>Shaders</Filter>
    </None>
    <None Include="shaders\cube2.frag">
      <Filter>Shaders</Filter>
    </None>
    <None Include="shaders\cube2.vert">
      <Filter>Shaders</Filter>
    </None>
    <None Include="shaders\cube3.frag">
      <Filter>Shaders</Filter>
    </None>
    <None Include="shaders\cube3.vert">
      <Filter>Shaders</Filter>
    </None>
    <None Include="shaders\lamp.frag">
      <Filter>Shaders</Filter>
    </None>
    <None Include="shaders\lamp.vert">
      <Filter>Shaders</Filter>
    </None>
    <None Include="shaders\lighting.frag">
      <Filter>Shaders</Filter>
    </None>
    <None Include="shaders\lighting.vert">
      <Filter>Shaders</Filter>
    </None>
    <None Include="shaders\simple.frag">
      <Filter>Shaders</Filter>
    </None>
    <None Include="shaders\simple.vert">
      <Filter>Shaders</Filter>
    </None>
    <None Include="shaders\simpleReflect.frag">
      <Filter>Shaders</Filter>
    </None>
    <None Include="shaders\simpleReflect.vert">
      <Filter>Shaders</Filter>
    </None>
    <None Include="shaders\skybox.frag">
      <Filter>Shaders</Filter>
    </None>
    <None Include="shaders\skybox.vert">
      <Filter>Shaders</Filter>
    </None>
    <None Include="shaders\reflect.frag">
      <Filter>Shaders</Filter>
    </None>
    <None Include="shaders\reflect.vert">
      <Filter>Shaders</Filter>
    </None>
    <None Include="shaders\refract.frag">
      <Filter>Shaders</Filter>
    </None>
    <None Include="shaders\refract.vert">
      <Filter>Shaders</Filter>
    </None>
    <None Include="shaders\reflectAndRefract.frag">
      <Filter>Shaders</Filter>
    </None>
    <None Include="shaders\reflectAndRefract.vert">
      <Filter>Shaders</Filter>
    </None>
    <None Include="shaders\shadow.frag">
      <Filter>Shaders</Filter>
    </None>
    <None Include="shaders\shadow.vert">
      <Filter>Shaders</Filter>
    </None>
    <None Include="shaders\simpleDepth.frag">
      <Filter>Shaders</Filter>
    </None>
    <None Include="shaders\simpleDepth.vert">
      <Filter>Shaders</Filter>
    </None>
  </ItemGroup>
</Project>